// !$*UTF8*$!
{
	archiveVersion = 1;
	classes = {
	};
	objectVersion = 50;
	objects = {

/* Begin PBXBuildFile section */
		C56091FF22396565007F8E09 /* AppDelegate.swift in Sources */ = {isa = PBXBuildFile; fileRef = C56091FE22396565007F8E09 /* AppDelegate.swift */; };
		C560920122396565007F8E09 /* ViewController.swift in Sources */ = {isa = PBXBuildFile; fileRef = C560920022396565007F8E09 /* ViewController.swift */; };
		C560920422396565007F8E09 /* Main.storyboard in Resources */ = {isa = PBXBuildFile; fileRef = C560920222396565007F8E09 /* Main.storyboard */; };
		C560920622396566007F8E09 /* Assets.xcassets in Resources */ = {isa = PBXBuildFile; fileRef = C560920522396566007F8E09 /* Assets.xcassets */; };
		C560920922396566007F8E09 /* LaunchScreen.storyboard in Resources */ = {isa = PBXBuildFile; fileRef = C560920722396566007F8E09 /* LaunchScreen.storyboard */; };
		C560921422396566007F8E09 /* PhotogramTests.swift in Sources */ = {isa = PBXBuildFile; fileRef = C560921322396566007F8E09 /* PhotogramTests.swift */; };
/* End PBXBuildFile section */

/* Begin PBXContainerItemProxy section */
		C560921022396566007F8E09 /* PBXContainerItemProxy */ = {
			isa = PBXContainerItemProxy;
			containerPortal = C56091F322396565007F8E09 /* Project object */;
			proxyType = 1;
			remoteGlobalIDString = C56091FA22396565007F8E09;
			remoteInfo = Photogram;
		};
/* End PBXContainerItemProxy section */

/* Begin PBXFileReference section */
		C56091FB22396565007F8E09 /* Photogram.app */ = {isa = PBXFileReference; explicitFileType = wrapper.application; includeInIndex = 0; path = Photogram.app; sourceTree = BUILT_PRODUCTS_DIR; };
		C56091FE22396565007F8E09 /* AppDelegate.swift */ = {isa = PBXFileReference; lastKnownFileType = sourcecode.swift; path = AppDelegate.swift; sourceTree = "<group>"; };
		C560920022396565007F8E09 /* ViewController.swift */ = {isa = PBXFileReference; lastKnownFileType = sourcecode.swift; path = ViewController.swift; sourceTree = "<group>"; };
		C560920322396565007F8E09 /* Base */ = {isa = PBXFileReference; lastKnownFileType = file.storyboard; name = Base; path = Base.lproj/Main.storyboard; sourceTree = "<group>"; };
		C560920522396566007F8E09 /* Assets.xcassets */ = {isa = PBXFileReference; lastKnownFileType = folder.assetcatalog; path = Assets.xcassets; sourceTree = "<group>"; };
		C560920822396566007F8E09 /* Base */ = {isa = PBXFileReference; lastKnownFileType = file.storyboard; name = Base; path = Base.lproj/LaunchScreen.storyboard; sourceTree = "<group>"; };
		C560920A22396566007F8E09 /* Info.plist */ = {isa = PBXFileReference; lastKnownFileType = text.plist.xml; path = Info.plist; sourceTree = "<group>"; };
		C560920F22396566007F8E09 /* PhotogramTests.xctest */ = {isa = PBXFileReference; explicitFileType = wrapper.cfbundle; includeInIndex = 0; path = PhotogramTests.xctest; sourceTree = BUILT_PRODUCTS_DIR; };
		C560921322396566007F8E09 /* PhotogramTests.swift */ = {isa = PBXFileReference; lastKnownFileType = sourcecode.swift; path = PhotogramTests.swift; sourceTree = "<group>"; };
		C560921522396566007F8E09 /* Info.plist */ = {isa = PBXFileReference; lastKnownFileType = text.plist.xml; path = Info.plist; sourceTree = "<group>"; };
/* End PBXFileReference section */

/* Begin PBXFrameworksBuildPhase section */
		C56091F822396565007F8E09 /* Frameworks */ = {
			isa = PBXFrameworksBuildPhase;
			buildActionMask = 2147483647;
			files = (
			);
			runOnlyForDeploymentPostprocessing = 0;
		};
		C560920C22396566007F8E09 /* Frameworks */ = {
			isa = PBXFrameworksBuildPhase;
			buildActionMask = 2147483647;
			files = (
			);
			runOnlyForDeploymentPostprocessing = 0;
		};
/* End PBXFrameworksBuildPhase section */

/* Begin PBXGroup section */
		C56091F222396565007F8E09 = {
			isa = PBXGroup;
			children = (
				C56091FD22396565007F8E09 /* Photogram */,
				C560921222396566007F8E09 /* PhotogramTests */,
				C56091FC22396565007F8E09 /* Products */,
			);
			sourceTree = "<group>";
		};
		C56091FC22396565007F8E09 /* Products */ = {
			isa = PBXGroup;
			children = (
				C56091FB22396565007F8E09 /* Photogram.app */,
				C560920F22396566007F8E09 /* PhotogramTests.xctest */,
			);
			name = Products;
			sourceTree = "<group>";
		};
		C56091FD22396565007F8E09 /* Photogram */ = {
			isa = PBXGroup;
			children = (
				C56091FE22396565007F8E09 /* AppDelegate.swift */,
				C560920022396565007F8E09 /* ViewController.swift */,
				C560920222396565007F8E09 /* Main.storyboard */,
				C560920522396566007F8E09 /* Assets.xcassets */,
				C560920722396566007F8E09 /* LaunchScreen.storyboard */,
				C560920A22396566007F8E09 /* Info.plist */,
			);
			path = Photogram;
			sourceTree = "<group>";
		};
		C560921222396566007F8E09 /* PhotogramTests */ = {
			isa = PBXGroup;
			children = (
				C560921322396566007F8E09 /* PhotogramTests.swift */,
				C560921522396566007F8E09 /* Info.plist */,
			);
			path = PhotogramTests;
			sourceTree = "<group>";
		};
/* End PBXGroup section */

/* Begin PBXNativeTarget section */
		C56091FA22396565007F8E09 /* Photogram */ = {
			isa = PBXNativeTarget;
			buildConfigurationList = C560921822396566007F8E09 /* Build configuration list for PBXNativeTarget "Photogram" */;
			buildPhases = (
				C56091F722396565007F8E09 /* Sources */,
				C56091F822396565007F8E09 /* Frameworks */,
				C56091F922396565007F8E09 /* Resources */,
			);
			buildRules = (
			);
			dependencies = (
			);
			name = Photogram;
			productName = Photogram;
			productReference = C56091FB22396565007F8E09 /* Photogram.app */;
			productType = "com.apple.product-type.application";
		};
		C560920E22396566007F8E09 /* PhotogramTests */ = {
			isa = PBXNativeTarget;
			buildConfigurationList = C560921B22396566007F8E09 /* Build configuration list for PBXNativeTarget "PhotogramTests" */;
			buildPhases = (
				C560920B22396566007F8E09 /* Sources */,
				C560920C22396566007F8E09 /* Frameworks */,
				C560920D22396566007F8E09 /* Resources */,
			);
			buildRules = (
			);
			dependencies = (
				C560921122396566007F8E09 /* PBXTargetDependency */,
			);
			name = PhotogramTests;
			productName = PhotogramTests;
			productReference = C560920F22396566007F8E09 /* PhotogramTests.xctest */;
			productType = "com.apple.product-type.bundle.unit-test";
		};
/* End PBXNativeTarget section */

/* Begin PBXProject section */
		C56091F322396565007F8E09 /* Project object */ = {
			isa = PBXProject;
			attributes = {
				LastSwiftUpdateCheck = 1010;
				LastUpgradeCheck = 1010;
				ORGANIZATIONNAME = "David Velarde";
				TargetAttributes = {
					C56091FA22396565007F8E09 = {
						CreatedOnToolsVersion = 10.1;
					};
					C560920E22396566007F8E09 = {
						CreatedOnToolsVersion = 10.1;
						TestTargetID = C56091FA22396565007F8E09;
					};
				};
			};
			buildConfigurationList = C56091F622396565007F8E09 /* Build configuration list for PBXProject "Photogram" */;
			compatibilityVersion = "Xcode 9.3";
			developmentRegion = en;
			hasScannedForEncodings = 0;
			knownRegions = (
				en,
				Base,
			);
			mainGroup = C56091F222396565007F8E09;
			productRefGroup = C56091FC22396565007F8E09 /* Products */;
			projectDirPath = "";
			projectRoot = "";
			targets = (
				C56091FA22396565007F8E09 /* Photogram */,
				C560920E22396566007F8E09 /* PhotogramTests */,
			);
		};
/* End PBXProject section */

/* Begin PBXResourcesBuildPhase section */
		C56091F922396565007F8E09 /* Resources */ = {
			isa = PBXResourcesBuildPhase;
			buildActionMask = 2147483647;
			files = (
				C560920922396566007F8E09 /* LaunchScreen.storyboard in Resources */,
				C560920622396566007F8E09 /* Assets.xcassets in Resources */,
				C560920422396565007F8E09 /* Main.storyboard in Resources */,
			);
			runOnlyForDeploymentPostprocessing = 0;
		};
		C560920D22396566007F8E09 /* Resources */ = {
			isa = PBXResourcesBuildPhase;
			buildActionMask = 2147483647;
			files = (
			);
			runOnlyForDeploymentPostprocessing = 0;
		};
/* End PBXResourcesBuildPhase section */

/* Begin PBXSourcesBuildPhase section */
		C56091F722396565007F8E09 /* Sources */ = {
			isa = PBXSourcesBuildPhase;
			buildActionMask = 2147483647;
			files = (
				C560920122396565007F8E09 /* ViewController.swift in Sources */,
				C56091FF22396565007F8E09 /* AppDelegate.swift in Sources */,
			);
			runOnlyForDeploymentPostprocessing = 0;
		};
		C560920B22396566007F8E09 /* Sources */ = {
			isa = PBXSourcesBuildPhase;
			buildActionMask = 2147483647;
			files = (
				C560921422396566007F8E09 /* PhotogramTests.swift in Sources */,
			);
			runOnlyForDeploymentPostprocessing = 0;
		};
/* End PBXSourcesBuildPhase section */

/* Begin PBXTargetDependency section */
		C560921122396566007F8E09 /* PBXTargetDependency */ = {
			isa = PBXTargetDependency;
			target = C56091FA22396565007F8E09 /* Photogram */;
			targetProxy = C560921022396566007F8E09 /* PBXContainerItemProxy */;
		};
/* End PBXTargetDependency section */

/* Begin PBXVariantGroup section */
		C560920222396565007F8E09 /* Main.storyboard */ = {
			isa = PBXVariantGroup;
			children = (
				C560920322396565007F8E09 /* Base */,
			);
			name = Main.storyboard;
			sourceTree = "<group>";
		};
		C560920722396566007F8E09 /* LaunchScreen.storyboard */ = {
			isa = PBXVariantGroup;
			children = (
				C560920822396566007F8E09 /* Base */,
			);
			name = LaunchScreen.storyboard;
			sourceTree = "<group>";
		};
/* End PBXVariantGroup section */

/* Begin XCBuildConfiguration section */
		C560921622396566007F8E09 /* Debug */ = {
			isa = XCBuildConfiguration;
			buildSettings = {
				ALWAYS_SEARCH_USER_PATHS = NO;
				CLANG_ANALYZER_NONNULL = YES;
				CLANG_ANALYZER_NUMBER_OBJECT_CONVERSION = YES_AGGRESSIVE;
				CLANG_CXX_LANGUAGE_STANDARD = "gnu++14";
				CLANG_CXX_LIBRARY = "libc++";
				CLANG_ENABLE_MODULES = YES;
				CLANG_ENABLE_OBJC_ARC = YES;
				CLANG_ENABLE_OBJC_WEAK = YES;
				CLANG_WARN_BLOCK_CAPTURE_AUTORELEASING = YES;
				CLANG_WARN_BOOL_CONVERSION = YES;
				CLANG_WARN_COMMA = YES;
				CLANG_WARN_CONSTANT_CONVERSION = YES;
				CLANG_WARN_DEPRECATED_OBJC_IMPLEMENTATIONS = YES;
				CLANG_WARN_DIRECT_OBJC_ISA_USAGE = YES_ERROR;
				CLANG_WARN_DOCUMENTATION_COMMENTS = YES;
				CLANG_WARN_EMPTY_BODY = YES;
				CLANG_WARN_ENUM_CONVERSION = YES;
				CLANG_WARN_INFINITE_RECURSION = YES;
				CLANG_WARN_INT_CONVERSION = YES;
				CLANG_WARN_NON_LITERAL_NULL_CONVERSION = YES;
				CLANG_WARN_OBJC_IMPLICIT_RETAIN_SELF = YES;
				CLANG_WARN_OBJC_LITERAL_CONVERSION = YES;
				CLANG_WARN_OBJC_ROOT_CLASS = YES_ERROR;
				CLANG_WARN_RANGE_LOOP_ANALYSIS = YES;
				CLANG_WARN_STRICT_PROTOTYPES = YES;
				CLANG_WARN_SUSPICIOUS_MOVE = YES;
				CLANG_WARN_UNGUARDED_AVAILABILITY = YES_AGGRESSIVE;
				CLANG_WARN_UNREACHABLE_CODE = YES;
				CLANG_WARN__DUPLICATE_METHOD_MATCH = YES;
				CODE_SIGN_IDENTITY = "iPhone Developer";
				COPY_PHASE_STRIP = NO;
				DEBUG_INFORMATION_FORMAT = dwarf;
				ENABLE_STRICT_OBJC_MSGSEND = YES;
				ENABLE_TESTABILITY = YES;
				GCC_C_LANGUAGE_STANDARD = gnu11;
				GCC_DYNAMIC_NO_PIC = NO;
				GCC_NO_COMMON_BLOCKS = YES;
				GCC_OPTIMIZATION_LEVEL = 0;
				GCC_PREPROCESSOR_DEFINITIONS = (
					"DEBUG=1",
					"$(inherited)",
				);
				GCC_WARN_64_TO_32_BIT_CONVERSION = YES;
				GCC_WARN_ABOUT_RETURN_TYPE = YES_ERROR;
				GCC_WARN_UNDECLARED_SELECTOR = YES;
				GCC_WARN_UNINITIALIZED_AUTOS = YES_AGGRESSIVE;
				GCC_WARN_UNUSED_FUNCTION = YES;
				GCC_WARN_UNUSED_VARIABLE = YES;
				IPHONEOS_DEPLOYMENT_TARGET = 12.1;
				MTL_ENABLE_DEBUG_INFO = INCLUDE_SOURCE;
				MTL_FAST_MATH = YES;
				ONLY_ACTIVE_ARCH = YES;
				SDKROOT = iphoneos;
				SWIFT_ACTIVE_COMPILATION_CONDITIONS = DEBUG;
				SWIFT_OPTIMIZATION_LEVEL = "-Onone";
			};
			name = Debug;
		};
		C560921722396566007F8E09 /* Release */ = {
			isa = XCBuildConfiguration;
			buildSettings = {
				ALWAYS_SEARCH_USER_PATHS = NO;
				CLANG_ANALYZER_NONNULL = YES;
				CLANG_ANALYZER_NUMBER_OBJECT_CONVERSION = YES_AGGRESSIVE;
				CLANG_CXX_LANGUAGE_STANDARD = "gnu++14";
				CLANG_CXX_LIBRARY = "libc++";
				CLANG_ENABLE_MODULES = YES;
				CLANG_ENABLE_OBJC_ARC = YES;
				CLANG_ENABLE_OBJC_WEAK = YES;
				CLANG_WARN_BLOCK_CAPTURE_AUTORELEASING = YES;
				CLANG_WARN_BOOL_CONVERSION = YES;
				CLANG_WARN_COMMA = YES;
				CLANG_WARN_CONSTANT_CONVERSION = YES;
				CLANG_WARN_DEPRECATED_OBJC_IMPLEMENTATIONS = YES;
				CLANG_WARN_DIRECT_OBJC_ISA_USAGE = YES_ERROR;
				CLANG_WARN_DOCUMENTATION_COMMENTS = YES;
				CLANG_WARN_EMPTY_BODY = YES;
				CLANG_WARN_ENUM_CONVERSION = YES;
				CLANG_WARN_INFINITE_RECURSION = YES;
				CLANG_WARN_INT_CONVERSION = YES;
				CLANG_WARN_NON_LITERAL_NULL_CONVERSION = YES;
				CLANG_WARN_OBJC_IMPLICIT_RETAIN_SELF = YES;
				CLANG_WARN_OBJC_LITERAL_CONVERSION = YES;
				CLANG_WARN_OBJC_ROOT_CLASS = YES_ERROR;
				CLANG_WARN_RANGE_LOOP_ANALYSIS = YES;
				CLANG_WARN_STRICT_PROTOTYPES = YES;
				CLANG_WARN_SUSPICIOUS_MOVE = YES;
				CLANG_WARN_UNGUARDED_AVAILABILITY = YES_AGGRESSIVE;
				CLANG_WARN_UNREACHABLE_CODE = YES;
				CLANG_WARN__DUPLICATE_METHOD_MATCH = YES;
				CODE_SIGN_IDENTITY = "iPhone Developer";
				COPY_PHASE_STRIP = NO;
				DEBUG_INFORMATION_FORMAT = "dwarf-with-dsym";
				ENABLE_NS_ASSERTIONS = NO;
				ENABLE_STRICT_OBJC_MSGSEND = YES;
				GCC_C_LANGUAGE_STANDARD = gnu11;
				GCC_NO_COMMON_BLOCKS = YES;
				GCC_WARN_64_TO_32_BIT_CONVERSION = YES;
				GCC_WARN_ABOUT_RETURN_TYPE = YES_ERROR;
				GCC_WARN_UNDECLARED_SELECTOR = YES;
				GCC_WARN_UNINITIALIZED_AUTOS = YES_AGGRESSIVE;
				GCC_WARN_UNUSED_FUNCTION = YES;
				GCC_WARN_UNUSED_VARIABLE = YES;
				IPHONEOS_DEPLOYMENT_TARGET = 12.1;
				MTL_ENABLE_DEBUG_INFO = NO;
				MTL_FAST_MATH = YES;
				SDKROOT = iphoneos;
				SWIFT_COMPILATION_MODE = wholemodule;
				SWIFT_OPTIMIZATION_LEVEL = "-O";
				VALIDATE_PRODUCT = YES;
			};
			name = Release;
		};
		C560921922396566007F8E09 /* Debug */ = {
			isa = XCBuildConfiguration;
			buildSettings = {
				ASSETCATALOG_COMPILER_APPICON_NAME = AppIcon;
				CODE_SIGN_STYLE = Automatic;
				INFOPLIST_FILE = Photogram/Info.plist;
				LD_RUNPATH_SEARCH_PATHS = (
					"$(inherited)",
					"@executable_path/Frameworks",
				);
				PRODUCT_BUNDLE_IDENTIFIER = com.davidvpe.Photogram;
				PRODUCT_NAME = "$(TARGET_NAME)";
				SWIFT_VERSION = 4.2;
				TARGETED_DEVICE_FAMILY = "1,2";
			};
			name = Debug;
		};
		C560921A22396566007F8E09 /* Release */ = {
			isa = XCBuildConfiguration;
			buildSettings = {
				ASSETCATALOG_COMPILER_APPICON_NAME = AppIcon;
				CODE_SIGN_STYLE = Automatic;
				INFOPLIST_FILE = Photogram/Info.plist;
				LD_RUNPATH_SEARCH_PATHS = (
					"$(inherited)",
					"@executable_path/Frameworks",
				);
				PRODUCT_BUNDLE_IDENTIFIER = com.davidvpe.Photogram;
				PRODUCT_NAME = "$(TARGET_NAME)";
				SWIFT_VERSION = 4.2;
				TARGETED_DEVICE_FAMILY = "1,2";
			};
			name = Release;
		};
		C560921C22396566007F8E09 /* Debug */ = {
			isa = XCBuildConfiguration;
			buildSettings = {
				ALWAYS_EMBED_SWIFT_STANDARD_LIBRARIES = YES;
				BUNDLE_LOADER = "$(TEST_HOST)";
				CODE_SIGN_STYLE = Automatic;
				INFOPLIST_FILE = PhotogramTests/Info.plist;
				LD_RUNPATH_SEARCH_PATHS = (
					"$(inherited)",
					"@executable_path/Frameworks",
					"@loader_path/Frameworks",
				);
				PRODUCT_BUNDLE_IDENTIFIER = com.davidvpe.PhotogramTests;
				PRODUCT_NAME = "$(TARGET_NAME)";
				SWIFT_VERSION = 4.2;
				TARGETED_DEVICE_FAMILY = "1,2";
				TEST_HOST = "$(BUILT_PRODUCTS_DIR)/Photogram.app/Photogram";
			};
			name = Debug;
		};
		C560921D22396566007F8E09 /* Release */ = {
			isa = XCBuildConfiguration;
			buildSettings = {
				ALWAYS_EMBED_SWIFT_STANDARD_LIBRARIES = YES;
				BUNDLE_LOADER = "$(TEST_HOST)";
				CODE_SIGN_STYLE = Automatic;
				INFOPLIST_FILE = PhotogramTests/Info.plist;
				LD_RUNPATH_SEARCH_PATHS = (
					"$(inherited)",
					"@executable_path/Frameworks",
					"@loader_path/Frameworks",
				);
				PRODUCT_BUNDLE_IDENTIFIER = com.davidvpe.PhotogramTests;
				PRODUCT_NAME = "$(TARGET_NAME)";
				SWIFT_VERSION = 4.2;
				TARGETED_DEVICE_FAMILY = "1,2";
				TEST_HOST = "$(BUILT_PRODUCTS_DIR)/Photogram.app/Photogram";
			};
			name = Release;
		};
/* End XCBuildConfiguration section */

/* Begin XCConfigurationList section */
		C56091F622396565007F8E09 /* Build configuration list for PBXProject "Photogram" */ = {
			isa = XCConfigurationList;
			buildConfigurations = (
				C560921622396566007F8E09 /* Debug */,
				C560921722396566007F8E09 /* Release */,
			);
			defaultConfigurationIsVisible = 0;
			defaultConfigurationName = Release;
		};
		C560921822396566007F8E09 /* Build configuration list for PBXNativeTarget "Photogram" */ = {
			isa = XCConfigurationList;
			buildConfigurations = (
				C560921922396566007F8E09 /* Debug */,
				C560921A22396566007F8E09 /* Release */,
			);
			defaultConfigurationIsVisible = 0;
			defaultConfigurationName = Release;
		};
		C560921B22396566007F8E09 /* Build configuration list for PBXNativeTarget "PhotogramTests" */ = {
			isa = XCConfigurationList;
			buildConfigurations = (
				C560921C22396566007F8E09 /* Debug */,
				C560921D22396566007F8E09 /* Release */,
			);
			defaultConfigurationIsVisible = 0;
			defaultConfigurationName = Release;
		};
/* End XCConfigurationList section */
	};
	rootObject = C56091F322396565007F8E09 /* Project object */;
}
